
Microsoft Visual Studio Solution File, Format Version 12.00
# Visual Studio 2015
Project("{FAE04EC0-301F-11D3-BF4B-00C04F79EFBC}") = "UnityVS.Lab 02 (Sum Zero).CSharp", "UnityVS.Lab 02 (Sum Zero).CSharp.csproj", "{DC04B521-7E2D-3758-49C0-B748AEF1C29A}"
EndProject
Global
	GlobalSection(SolutionConfigurationPlatforms) = preSolution
		Debug|Any CPU = Debug|Any CPU
		Release|Any CPU = Release|Any CPU
	EndGlobalSection
	GlobalSection(ProjectConfigurationPlatforms) = postSolution
		{DC04B521-7E2D-3758-49C0-B748AEF1C29A}.Debug|Any CPU.ActiveCfg = Debug|Any CPU
		{DC04B521-7E2D-3758-49C0-B748AEF1C29A}.Debug|Any CPU.Build.0 = Debug|Any CPU
		{DC04B521-7E2D-3758-49C0-B748AEF1C29A}.Release|Any CPU.ActiveCfg = Release|Any CPU
		{DC04B521-7E2D-3758-49C0-B748AEF1C29A}.Release|Any CPU.Build.0 = Release|Any CPU
	EndGlobalSection
	GlobalSection(SolutionProperties) = preSolution
		HideSolutionNode = FALSE
	EndGlobalSection
EndGlobal
