
Microsoft Visual Studio Solution File, Format Version 12.00
# Visual Studio 2015
Project("{FAE04EC0-301F-11D3-BF4B-00C04F79EFBC}") = "UnityVS.Homework 02 (Sum Zero).CSharp", "UnityVS.Homework 02 (Sum Zero).CSharp.csproj", "{C401C02D-8EE5-CE00-30DB-5646CA57FCD2}"
EndProject
Global
	GlobalSection(SolutionConfigurationPlatforms) = preSolution
		Debug|Any CPU = Debug|Any CPU
		Release|Any CPU = Release|Any CPU
	EndGlobalSection
	GlobalSection(ProjectConfigurationPlatforms) = postSolution
		{C401C02D-8EE5-CE00-30DB-5646CA57FCD2}.Debug|Any CPU.ActiveCfg = Debug|Any CPU
		{C401C02D-8EE5-CE00-30DB-5646CA57FCD2}.Debug|Any CPU.Build.0 = Debug|Any CPU
		{C401C02D-8EE5-CE00-30DB-5646CA57FCD2}.Release|Any CPU.ActiveCfg = Release|Any CPU
		{C401C02D-8EE5-CE00-30DB-5646CA57FCD2}.Release|Any CPU.Build.0 = Release|Any CPU
	EndGlobalSection
	GlobalSection(SolutionProperties) = preSolution
		HideSolutionNode = FALSE
	EndGlobalSection
EndGlobal
